// !$*UTF8*$!
{
	archiveVersion = 1;
	classes = {
	};
	objectVersion = 52;
	objects = {

/* Begin PBXBuildFile section */
		FF73BF1D22204E53000CF2ED /* AppDelegate.swift in Sources */ = {isa = PBXBuildFile; fileRef = FF73BF1C22204E53000CF2ED /* AppDelegate.swift */; };
		FF73BF1F22204E53000CF2ED /* ViewController.swift in Sources */ = {isa = PBXBuildFile; fileRef = FF73BF1E22204E53000CF2ED /* ViewController.swift */; };
		FF73BF2222204E53000CF2ED /* Main.storyboard in Resources */ = {isa = PBXBuildFile; fileRef = FF73BF2022204E53000CF2ED /* Main.storyboard */; };
		FF73BF2422204E55000CF2ED /* Assets.xcassets in Resources */ = {isa = PBXBuildFile; fileRef = FF73BF2322204E55000CF2ED /* Assets.xcassets */; };
		FF73BF2722204E55000CF2ED /* LaunchScreen.storyboard in Resources */ = {isa = PBXBuildFile; fileRef = FF73BF2522204E55000CF2ED /* LaunchScreen.storyboard */; };
		FF73BF32222055C0000CF2ED /* Rswift.framework in Frameworks */ = {isa = PBXBuildFile; fileRef = FF73BF2F222055C0000CF2ED /* Rswift.framework */; };
		FF73BF33222055C0000CF2ED /* RxCocoa.framework in Frameworks */ = {isa = PBXBuildFile; fileRef = FF73BF30222055C0000CF2ED /* RxCocoa.framework */; };
		FF73BF34222055C0000CF2ED /* RxSwift.framework in Frameworks */ = {isa = PBXBuildFile; fileRef = FF73BF31222055C0000CF2ED /* RxSwift.framework */; };
		FF73BF392220579E000CF2ED /* R.generated.swift in Sources */ = {isa = PBXBuildFile; fileRef = FF73BF382220579D000CF2ED /* R.generated.swift */; };
/* End PBXBuildFile section */

/* Begin PBXFileReference section */
		FF73BF1922204E53000CF2ED /* HackathonStarter.app */ = {isa = PBXFileReference; explicitFileType = wrapper.application; includeInIndex = 0; path = HackathonStarter.app; sourceTree = BUILT_PRODUCTS_DIR; };
		FF73BF1C22204E53000CF2ED /* AppDelegate.swift */ = {isa = PBXFileReference; lastKnownFileType = sourcecode.swift; path = AppDelegate.swift; sourceTree = "<group>"; };
		FF73BF1E22204E53000CF2ED /* ViewController.swift */ = {isa = PBXFileReference; lastKnownFileType = sourcecode.swift; path = ViewController.swift; sourceTree = "<group>"; };
		FF73BF2122204E53000CF2ED /* Base */ = {isa = PBXFileReference; lastKnownFileType = file.storyboard; name = Base; path = Base.lproj/Main.storyboard; sourceTree = "<group>"; };
		FF73BF2322204E55000CF2ED /* Assets.xcassets */ = {isa = PBXFileReference; lastKnownFileType = folder.assetcatalog; path = Assets.xcassets; sourceTree = "<group>"; };
		FF73BF2622204E55000CF2ED /* Base */ = {isa = PBXFileReference; lastKnownFileType = file.storyboard; name = Base; path = Base.lproj/LaunchScreen.storyboard; sourceTree = "<group>"; };
		FF73BF2822204E55000CF2ED /* Info.plist */ = {isa = PBXFileReference; lastKnownFileType = text.plist.xml; path = Info.plist; sourceTree = "<group>"; };
		FF73BF2F222055C0000CF2ED /* Rswift.framework */ = {isa = PBXFileReference; lastKnownFileType = wrapper.framework; name = Rswift.framework; path = Carthage/Build/iOS/Rswift.framework; sourceTree = "<group>"; };
		FF73BF30222055C0000CF2ED /* RxCocoa.framework */ = {isa = PBXFileReference; lastKnownFileType = wrapper.framework; name = RxCocoa.framework; path = Carthage/Build/iOS/RxCocoa.framework; sourceTree = "<group>"; };
		FF73BF31222055C0000CF2ED /* RxSwift.framework */ = {isa = PBXFileReference; lastKnownFileType = wrapper.framework; name = RxSwift.framework; path = Carthage/Build/iOS/RxSwift.framework; sourceTree = "<group>"; };
		FF73BF382220579D000CF2ED /* R.generated.swift */ = {isa = PBXFileReference; fileEncoding = 4; lastKnownFileType = sourcecode.swift; path = R.generated.swift; sourceTree = "<group>"; };
/* End PBXFileReference section */

/* Begin PBXFrameworksBuildPhase section */
		FF73BF1622204E53000CF2ED /* Frameworks */ = {
			isa = PBXFrameworksBuildPhase;
			buildActionMask = 2147483647;
			files = (
				FF73BF32222055C0000CF2ED /* Rswift.framework in Frameworks */,
				FF73BF33222055C0000CF2ED /* RxCocoa.framework in Frameworks */,
				FF73BF34222055C0000CF2ED /* RxSwift.framework in Frameworks */,
			);
			runOnlyForDeploymentPostprocessing = 0;
		};
/* End PBXFrameworksBuildPhase section */

/* Begin PBXGroup section */
		FF73BF1022204E53000CF2ED = {
			isa = PBXGroup;
			children = (
				FF73BF382220579D000CF2ED /* R.generated.swift */,
				FF73BF1B22204E53000CF2ED /* HackathonStarter */,
				FF73BF1A22204E53000CF2ED /* Products */,
				FF73BF2E222055BF000CF2ED /* Frameworks */,
			);
			sourceTree = "<group>";
		};
		FF73BF1A22204E53000CF2ED /* Products */ = {
			isa = PBXGroup;
			children = (
				FF73BF1922204E53000CF2ED /* HackathonStarter.app */,
			);
			name = Products;
			sourceTree = "<group>";
		};
		FF73BF1B22204E53000CF2ED /* HackathonStarter */ = {
			isa = PBXGroup;
			children = (
				FF73BF1C22204E53000CF2ED /* AppDelegate.swift */,
				FF73BF1E22204E53000CF2ED /* ViewController.swift */,
				FF73BF2022204E53000CF2ED /* Main.storyboard */,
				FF73BF2322204E55000CF2ED /* Assets.xcassets */,
				FF73BF2522204E55000CF2ED /* LaunchScreen.storyboard */,
				FF73BF2822204E55000CF2ED /* Info.plist */,
			);
			path = HackathonStarter;
			sourceTree = "<group>";
		};
		FF73BF2E222055BF000CF2ED /* Frameworks */ = {
			isa = PBXGroup;
			children = (
				FF73BF2F222055C0000CF2ED /* Rswift.framework */,
				FF73BF30222055C0000CF2ED /* RxCocoa.framework */,
				FF73BF31222055C0000CF2ED /* RxSwift.framework */,
			);
			name = Frameworks;
			sourceTree = "<group>";
		};
/* End PBXGroup section */

/* Begin PBXNativeTarget section */
		FF73BF1822204E53000CF2ED /* HackathonStarter */ = {
			isa = PBXNativeTarget;
			buildConfigurationList = FF73BF2B22204E55000CF2ED /* Build configuration list for PBXNativeTarget "HackathonStarter" */;
			buildPhases = (
				FF73BF372220571E000CF2ED /* R.swift */,
				FF73BF1522204E53000CF2ED /* Sources */,
				FF73BF1622204E53000CF2ED /* Frameworks */,
				FF73BF1722204E53000CF2ED /* Resources */,
				FF73BF35222055F8000CF2ED /* Carthage */,
				FFFEFD7A234AC1E800C0F4A5 /* SwiftLint */,
			);
			buildRules = (
			);
			dependencies = (
			);
			name = HackathonStarter;
			productName = HackathonStarter;
			productReference = FF73BF1922204E53000CF2ED /* HackathonStarter.app */;
			productType = "com.apple.product-type.application";
		};
/* End PBXNativeTarget section */

/* Begin PBXProject section */
		FF73BF1122204E53000CF2ED /* Project object */ = {
			isa = PBXProject;
			attributes = {
				LastSwiftUpdateCheck = 1010;
				LastUpgradeCheck = 1010;
				ORGANIZATIONNAME = hofzzy;
				TargetAttributes = {
					FF73BF1822204E53000CF2ED = {
						CreatedOnToolsVersion = 10.1;
						LastSwiftMigration = 1100;
					};
				};
			};
			buildConfigurationList = FF73BF1422204E53000CF2ED /* Build configuration list for PBXProject "HackathonStarter" */;
			compatibilityVersion = "Xcode 11.0";
			developmentRegion = en;
			hasScannedForEncodings = 0;
			knownRegions = (
				en,
				Base,
			);
			mainGroup = FF73BF1022204E53000CF2ED;
			productRefGroup = FF73BF1A22204E53000CF2ED /* Products */;
			projectDirPath = "";
			projectRoot = "";
			targets = (
				FF73BF1822204E53000CF2ED /* HackathonStarter */,
			);
		};
/* End PBXProject section */

/* Begin PBXResourcesBuildPhase section */
		FF73BF1722204E53000CF2ED /* Resources */ = {
			isa = PBXResourcesBuildPhase;
			buildActionMask = 2147483647;
			files = (
				FF73BF2722204E55000CF2ED /* LaunchScreen.storyboard in Resources */,
				FF73BF2422204E55000CF2ED /* Assets.xcassets in Resources */,
				FF73BF2222204E53000CF2ED /* Main.storyboard in Resources */,
			);
			runOnlyForDeploymentPostprocessing = 0;
		};
/* End PBXResourcesBuildPhase section */

/* Begin PBXShellScriptBuildPhase section */
		FF73BF35222055F8000CF2ED /* Carthage */ = {
			isa = PBXShellScriptBuildPhase;
			buildActionMask = 2147483647;
			files = (
			);
			inputFileListPaths = (
			);
			inputPaths = (
			);
			name = Carthage;
			outputFileListPaths = (
			);
			outputPaths = (
			);
			runOnlyForDeploymentPostprocessing = 0;
			shellPath = /bin/sh;
			shellScript = "carthage-copy-frameworks\n";
		};
		FF73BF372220571E000CF2ED /* R.swift */ = {
			isa = PBXShellScriptBuildPhase;
			buildActionMask = 2147483647;
			files = (
			);
			inputFileListPaths = (
			);
			inputPaths = (
				"$TEMP_DIR/rswift-lastrun",
			);
			name = R.swift;
			outputFileListPaths = (
			);
			outputPaths = (
				$SRCROOT/R.generated.swift,
			);
			runOnlyForDeploymentPostprocessing = 0;
			shellPath = /bin/sh;
			shellScript = "\"$SRCROOT/bin/rswift\" generate \"$SRCROOT/R.generated.swift\"\n";
		};
		FFFEFD7A234AC1E800C0F4A5 /* SwiftLint */ = {
			isa = PBXShellScriptBuildPhase;
			buildActionMask = 2147483647;
			files = (
			);
			inputFileListPaths = (
			);
			inputPaths = (
			);
			name = SwiftLint;
			outputFileListPaths = (
			);
			outputPaths = (
			);
			runOnlyForDeploymentPostprocessing = 0;
			shellPath = /bin/sh;
			shellScript = "if which swiftlint >/dev/null; then\n  swiftlint autocorrect\n  swiftlint\nelse\n  echo \"warning: SwiftLint not installed, download from https://github.com/realm/SwiftLint\"\nfi\n";
		};
/* End PBXShellScriptBuildPhase section */

/* Begin PBXSourcesBuildPhase section */
		FF73BF1522204E53000CF2ED /* Sources */ = {
			isa = PBXSourcesBuildPhase;
			buildActionMask = 2147483647;
			files = (
				FF73BF1F22204E53000CF2ED /* ViewController.swift in Sources */,
				FF73BF1D22204E53000CF2ED /* AppDelegate.swift in Sources */,
				FF73BF392220579E000CF2ED /* R.generated.swift in Sources */,
			);
			runOnlyForDeploymentPostprocessing = 0;
		};
/* End PBXSourcesBuildPhase section */

/* Begin PBXVariantGroup section */
		FF73BF2022204E53000CF2ED /* Main.storyboard */ = {
			isa = PBXVariantGroup;
			children = (
				FF73BF2122204E53000CF2ED /* Base */,
			);
			name = Main.storyboard;
			sourceTree = "<group>";
		};
		FF73BF2522204E55000CF2ED /* LaunchScreen.storyboard */ = {
			isa = PBXVariantGroup;
			children = (
				FF73BF2622204E55000CF2ED /* Base */,
			);
			name = LaunchScreen.storyboard;
			sourceTree = "<group>";
		};
/* End PBXVariantGroup section */

/* Begin XCBuildConfiguration section */
		FF73BF2922204E55000CF2ED /* Debug */ = {
			isa = XCBuildConfiguration;
			buildSettings = {
				ALWAYS_SEARCH_USER_PATHS = NO;
				CLANG_ANALYZER_NONNULL = YES;
				CLANG_ANALYZER_NUMBER_OBJECT_CONVERSION = YES_AGGRESSIVE;
				CLANG_CXX_LANGUAGE_STANDARD = "gnu++14";
				CLANG_CXX_LIBRARY = "libc++";
				CLANG_ENABLE_MODULES = YES;
				CLANG_ENABLE_OBJC_ARC = YES;
				CLANG_ENABLE_OBJC_WEAK = YES;
				CLANG_WARN_BLOCK_CAPTURE_AUTORELEASING = YES;
				CLANG_WARN_BOOL_CONVERSION = YES;
				CLANG_WARN_COMMA = YES;
				CLANG_WARN_CONSTANT_CONVERSION = YES;
				CLANG_WARN_DEPRECATED_OBJC_IMPLEMENTATIONS = YES;
				CLANG_WARN_DIRECT_OBJC_ISA_USAGE = YES_ERROR;
				CLANG_WARN_DOCUMENTATION_COMMENTS = YES;
				CLANG_WARN_EMPTY_BODY = YES;
				CLANG_WARN_ENUM_CONVERSION = YES;
				CLANG_WARN_INFINITE_RECURSION = YES;
				CLANG_WARN_INT_CONVERSION = YES;
				CLANG_WARN_NON_LITERAL_NULL_CONVERSION = YES;
				CLANG_WARN_OBJC_IMPLICIT_RETAIN_SELF = YES;
				CLANG_WARN_OBJC_LITERAL_CONVERSION = YES;
				CLANG_WARN_OBJC_ROOT_CLASS = YES_ERROR;
				CLANG_WARN_RANGE_LOOP_ANALYSIS = YES;
				CLANG_WARN_STRICT_PROTOTYPES = YES;
				CLANG_WARN_SUSPICIOUS_MOVE = YES;
				CLANG_WARN_UNGUARDED_AVAILABILITY = YES_AGGRESSIVE;
				CLANG_WARN_UNREACHABLE_CODE = YES;
				CLANG_WARN__DUPLICATE_METHOD_MATCH = YES;
				CODE_SIGN_IDENTITY = "iPhone Developer";
				COPY_PHASE_STRIP = NO;
				DEBUG_INFORMATION_FORMAT = dwarf;
				ENABLE_STRICT_OBJC_MSGSEND = YES;
				ENABLE_TESTABILITY = YES;
				GCC_C_LANGUAGE_STANDARD = gnu11;
				GCC_DYNAMIC_NO_PIC = NO;
				GCC_NO_COMMON_BLOCKS = YES;
				GCC_OPTIMIZATION_LEVEL = 0;
				GCC_PREPROCESSOR_DEFINITIONS = (
					"DEBUG=1",
					"$(inherited)",
				);
				GCC_WARN_64_TO_32_BIT_CONVERSION = YES;
				GCC_WARN_ABOUT_RETURN_TYPE = YES_ERROR;
				GCC_WARN_UNDECLARED_SELECTOR = YES;
				GCC_WARN_UNINITIALIZED_AUTOS = YES_AGGRESSIVE;
				GCC_WARN_UNUSED_FUNCTION = YES;
				GCC_WARN_UNUSED_VARIABLE = YES;
				IPHONEOS_DEPLOYMENT_TARGET = 13.0;
				MTL_ENABLE_DEBUG_INFO = INCLUDE_SOURCE;
				MTL_FAST_MATH = YES;
				ONLY_ACTIVE_ARCH = YES;
				SDKROOT = iphoneos;
				SWIFT_ACTIVE_COMPILATION_CONDITIONS = DEBUG;
				SWIFT_OPTIMIZATION_LEVEL = "-Onone";
			};
			name = Debug;
		};
		FF73BF2A22204E55000CF2ED /* Release */ = {
			isa = XCBuildConfiguration;
			buildSettings = {
				ALWAYS_SEARCH_USER_PATHS = NO;
				CLANG_ANALYZER_NONNULL = YES;
				CLANG_ANALYZER_NUMBER_OBJECT_CONVERSION = YES_AGGRESSIVE;
				CLANG_CXX_LANGUAGE_STANDARD = "gnu++14";
				CLANG_CXX_LIBRARY = "libc++";
				CLANG_ENABLE_MODULES = YES;
				CLANG_ENABLE_OBJC_ARC = YES;
				CLANG_ENABLE_OBJC_WEAK = YES;
				CLANG_WARN_BLOCK_CAPTURE_AUTORELEASING = YES;
				CLANG_WARN_BOOL_CONVERSION = YES;
				CLANG_WARN_COMMA = YES;
				CLANG_WARN_CONSTANT_CONVERSION = YES;
				CLANG_WARN_DEPRECATED_OBJC_IMPLEMENTATIONS = YES;
				CLANG_WARN_DIRECT_OBJC_ISA_USAGE = YES_ERROR;
				CLANG_WARN_DOCUMENTATION_COMMENTS = YES;
				CLANG_WARN_EMPTY_BODY = YES;
				CLANG_WARN_ENUM_CONVERSION = YES;
				CLANG_WARN_INFINITE_RECURSION = YES;
				CLANG_WARN_INT_CONVERSION = YES;
				CLANG_WARN_NON_LITERAL_NULL_CONVERSION = YES;
				CLANG_WARN_OBJC_IMPLICIT_RETAIN_SELF = YES;
				CLANG_WARN_OBJC_LITERAL_CONVERSION = YES;
				CLANG_WARN_OBJC_ROOT_CLASS = YES_ERROR;
				CLANG_WARN_RANGE_LOOP_ANALYSIS = YES;
				CLANG_WARN_STRICT_PROTOTYPES = YES;
				CLANG_WARN_SUSPICIOUS_MOVE = YES;
				CLANG_WARN_UNGUARDED_AVAILABILITY = YES_AGGRESSIVE;
				CLANG_WARN_UNREACHABLE_CODE = YES;
				CLANG_WARN__DUPLICATE_METHOD_MATCH = YES;
				CODE_SIGN_IDENTITY = "iPhone Developer";
				COPY_PHASE_STRIP = NO;
				DEBUG_INFORMATION_FORMAT = "dwarf-with-dsym";
				ENABLE_NS_ASSERTIONS = NO;
				ENABLE_STRICT_OBJC_MSGSEND = YES;
				GCC_C_LANGUAGE_STANDARD = gnu11;
				GCC_NO_COMMON_BLOCKS = YES;
				GCC_WARN_64_TO_32_BIT_CONVERSION = YES;
				GCC_WARN_ABOUT_RETURN_TYPE = YES_ERROR;
				GCC_WARN_UNDECLARED_SELECTOR = YES;
				GCC_WARN_UNINITIALIZED_AUTOS = YES_AGGRESSIVE;
				GCC_WARN_UNUSED_FUNCTION = YES;
				GCC_WARN_UNUSED_VARIABLE = YES;
				IPHONEOS_DEPLOYMENT_TARGET = 13.0;
				MTL_ENABLE_DEBUG_INFO = NO;
				MTL_FAST_MATH = YES;
				SDKROOT = iphoneos;
				SWIFT_COMPILATION_MODE = wholemodule;
				SWIFT_OPTIMIZATION_LEVEL = "-O";
				VALIDATE_PRODUCT = YES;
			};
			name = Release;
		};
		FF73BF2C22204E55000CF2ED /* Debug */ = {
			isa = XCBuildConfiguration;
			buildSettings = {
				ASSETCATALOG_COMPILER_APPICON_NAME = AppIcon;
				CODE_SIGN_STYLE = Automatic;
				DEVELOPMENT_TEAM = US2S59QAJ6;
				FRAMEWORK_SEARCH_PATHS = (
					"$(inherited)",
					"$(PROJECT_DIR)/Carthage/Build/iOS",
				);
				INFOPLIST_FILE = HackathonStarter/Info.plist;
				IPHONEOS_DEPLOYMENT_TARGET = 13.0;
				LD_RUNPATH_SEARCH_PATHS = (
					"$(inherited)",
					"@executable_path/Frameworks",
				);
				PRODUCT_BUNDLE_IDENTIFIER = com.hofzzy.HackathonStarter;
				PRODUCT_NAME = "$(TARGET_NAME)";
				SWIFT_VERSION = 5.0;
				TARGETED_DEVICE_FAMILY = "1,2";
			};
			name = Debug;
		};
		FF73BF2D22204E55000CF2ED /* Release */ = {
			isa = XCBuildConfiguration;
			buildSettings = {
				ASSETCATALOG_COMPILER_APPICON_NAME = AppIcon;
				CODE_SIGN_STYLE = Automatic;
				DEVELOPMENT_TEAM = US2S59QAJ6;
				FRAMEWORK_SEARCH_PATHS = (
					"$(inherited)",
					"$(PROJECT_DIR)/Carthage/Build/iOS",
				);
				INFOPLIST_FILE = HackathonStarter/Info.plist;
				IPHONEOS_DEPLOYMENT_TARGET = 13.0;
				LD_RUNPATH_SEARCH_PATHS = (
					"$(inherited)",
					"@executable_path/Frameworks",
				);
				PRODUCT_BUNDLE_IDENTIFIER = com.hofzzy.HackathonStarter;
				PRODUCT_NAME = "$(TARGET_NAME)";
				SWIFT_VERSION = 5.0;
				TARGETED_DEVICE_FAMILY = "1,2";
			};
			name = Release;
		};
/* End XCBuildConfiguration section */

/* Begin XCConfigurationList section */
		FF73BF1422204E53000CF2ED /* Build configuration list for PBXProject "HackathonStarter" */ = {
			isa = XCConfigurationList;
			buildConfigurations = (
				FF73BF2922204E55000CF2ED /* Debug */,
				FF73BF2A22204E55000CF2ED /* Release */,
			);
			defaultConfigurationIsVisible = 0;
			defaultConfigurationName = Release;
		};
		FF73BF2B22204E55000CF2ED /* Build configuration list for PBXNativeTarget "HackathonStarter" */ = {
			isa = XCConfigurationList;
			buildConfigurations = (
				FF73BF2C22204E55000CF2ED /* Debug */,
				FF73BF2D22204E55000CF2ED /* Release */,
			);
			defaultConfigurationIsVisible = 0;
			defaultConfigurationName = Release;
		};
/* End XCConfigurationList section */
	};
	rootObject = FF73BF1122204E53000CF2ED /* Project object */;
}
